
Microsoft Visual Studio Solution File, Format Version 12.00
# Visual Studio 15
VisualStudioVersion = 15.0.28307.645
MinimumVisualStudioVersion = 10.0.40219.1
Project("{FAE04EC0-301F-11D3-BF4B-00C04F79EFBC}") = "ScreenProject", "ScreenProject\ScreenProject.csproj", "{5C1E4EF9-CC27-43AD-9E01-FBC287B7AEDB}"
EndProject
Global
	GlobalSection(SolutionConfigurationPlatforms) = preSolution
		Debug|Any CPU = Debug|Any CPU
		Release|Any CPU = Release|Any CPU
	EndGlobalSection
	GlobalSection(ProjectConfigurationPlatforms) = postSolution
		{5C1E4EF9-CC27-43AD-9E01-FBC287B7AEDB}.Debug|Any CPU.ActiveCfg = Debug|Any CPU
		{5C1E4EF9-CC27-43AD-9E01-FBC287B7AEDB}.Debug|Any CPU.Build.0 = Debug|Any CPU
		{5C1E4EF9-CC27-43AD-9E01-FBC287B7AEDB}.Release|Any CPU.ActiveCfg = Release|Any CPU
		{5C1E4EF9-CC27-43AD-9E01-FBC287B7AEDB}.Release|Any CPU.Build.0 = Release|Any CPU
	EndGlobalSection
	GlobalSection(SolutionProperties) = preSolution
		HideSolutionNode = FALSE
	EndGlobalSection
	GlobalSection(ExtensibilityGlobals) = postSolution
		SolutionGuid = {26D2CEFC-8395-4F08-9CD6-8808495D1F6F}
	EndGlobalSection
EndGlobal
